
Microsoft Visual Studio Solution File, Format Version 12.00
# Visual Studio Version 16
VisualStudioVersion = 16.0.30717.126
MinimumVisualStudioVersion = 10.0.40219.1
Project("{FAE04EC0-301F-11D3-BF4B-00C04F79EFBC}") = "ConsoleApp", "ConsoleApp\ConsoleApp.csproj", "{77DCF2D8-F3D6-4FD0-8CF1-C03E0799B84C}"
EndProject
Global
	GlobalSection(SolutionConfigurationPlatforms) = preSolution
		Debug|Any CPU = Debug|Any CPU
		Release|Any CPU = Release|Any CPU
	EndGlobalSection
	GlobalSection(ProjectConfigurationPlatforms) = postSolution
		{77DCF2D8-F3D6-4FD0-8CF1-C03E0799B84C}.Debug|Any CPU.ActiveCfg = Debug|Any CPU
		{77DCF2D8-F3D6-4FD0-8CF1-C03E0799B84C}.Debug|Any CPU.Build.0 = Debug|Any CPU
		{77DCF2D8-F3D6-4FD0-8CF1-C03E0799B84C}.Release|Any CPU.ActiveCfg = Release|Any CPU
		{77DCF2D8-F3D6-4FD0-8CF1-C03E0799B84C}.Release|Any CPU.Build.0 = Release|Any CPU
	EndGlobalSection
	GlobalSection(SolutionProperties) = preSolution
		HideSolutionNode = FALSE
	EndGlobalSection
	GlobalSection(ExtensibilityGlobals) = postSolution
		SolutionGuid = {9ADF9977-5698-4C87-A3F6-07D52EEF4848}
	EndGlobalSection
EndGlobal
